
Microsoft Visual Studio Solution File, Format Version 12.00
# Visual Studio Version 17
VisualStudioVersion = 17.14.36401.2
MinimumVisualStudioVersion = 10.0.40219.1
Project("{FAE04EC0-301F-11D3-BF4B-00C04F79EFBC}") = "Formulario", "Formulario\Formulario.csproj", "{D14590E9-AB49-48E2-880B-E9B77A0F0B8F}"
EndProject
Project("{FAE04EC0-301F-11D3-BF4B-00C04F79EFBC}") = "FormControl", "FormControl\FormControl.csproj", "{F225DA91-3A60-4C5A-8E55-FADD23608135}"
EndProject
Project("{FAE04EC0-301F-11D3-BF4B-00C04F79EFBC}") = "FormMdi", "FormMdi\FormMdi.csproj", "{26094609-8EAC-40DE-A1AE-747211CB8478}"
EndProject
Global
	GlobalSection(SolutionConfigurationPlatforms) = preSolution
		Debug|Any CPU = Debug|Any CPU
		Release|Any CPU = Release|Any CPU
	EndGlobalSection
	GlobalSection(ProjectConfigurationPlatforms) = postSolution
		{D14590E9-AB49-48E2-880B-E9B77A0F0B8F}.Debug|Any CPU.ActiveCfg = Debug|Any CPU
		{D14590E9-AB49-48E2-880B-E9B77A0F0B8F}.Debug|Any CPU.Build.0 = Debug|Any CPU
		{D14590E9-AB49-48E2-880B-E9B77A0F0B8F}.Release|Any CPU.ActiveCfg = Release|Any CPU
		{D14590E9-AB49-48E2-880B-E9B77A0F0B8F}.Release|Any CPU.Build.0 = Release|Any CPU
		{F225DA91-3A60-4C5A-8E55-FADD23608135}.Debug|Any CPU.ActiveCfg = Debug|Any CPU
		{F225DA91-3A60-4C5A-8E55-FADD23608135}.Debug|Any CPU.Build.0 = Debug|Any CPU
		{F225DA91-3A60-4C5A-8E55-FADD23608135}.Release|Any CPU.ActiveCfg = Release|Any CPU
		{F225DA91-3A60-4C5A-8E55-FADD23608135}.Release|Any CPU.Build.0 = Release|Any CPU
		{26094609-8EAC-40DE-A1AE-747211CB8478}.Debug|Any CPU.ActiveCfg = Debug|Any CPU
		{26094609-8EAC-40DE-A1AE-747211CB8478}.Debug|Any CPU.Build.0 = Debug|Any CPU
		{26094609-8EAC-40DE-A1AE-747211CB8478}.Release|Any CPU.ActiveCfg = Release|Any CPU
		{26094609-8EAC-40DE-A1AE-747211CB8478}.Release|Any CPU.Build.0 = Release|Any CPU
	EndGlobalSection
	GlobalSection(SolutionProperties) = preSolution
		HideSolutionNode = FALSE
	EndGlobalSection
	GlobalSection(ExtensibilityGlobals) = postSolution
		SolutionGuid = {AE993972-A0A8-4452-8C49-94D78DAA01B1}
	EndGlobalSection
EndGlobal
