
Microsoft Visual Studio Solution File, Format Version 12.00
# Visual Studio Version 17
VisualStudioVersion = 17.14.36401.2
MinimumVisualStudioVersion = 10.0.40219.1
Project("{FAE04EC0-301F-11D3-BF4B-00C04F79EFBC}") = "Arquivo", "Arquivo\Arquivo.csproj", "{8697EFF8-9881-4D79-B0C0-DE92CDB7551D}"
EndProject
Project("{FAE04EC0-301F-11D3-BF4B-00C04F79EFBC}") = "ArquivoInfo", "ArquivoInfo\ArquivoInfo.csproj", "{DDEBCDB6-31A0-4D20-A7E4-A9CFC6DBBBD3}"
EndProject
Global
	GlobalSection(SolutionConfigurationPlatforms) = preSolution
		Debug|Any CPU = Debug|Any CPU
		Release|Any CPU = Release|Any CPU
	EndGlobalSection
	GlobalSection(ProjectConfigurationPlatforms) = postSolution
		{8697EFF8-9881-4D79-B0C0-DE92CDB7551D}.Debug|Any CPU.ActiveCfg = Debug|Any CPU
		{8697EFF8-9881-4D79-B0C0-DE92CDB7551D}.Debug|Any CPU.Build.0 = Debug|Any CPU
		{8697EFF8-9881-4D79-B0C0-DE92CDB7551D}.Release|Any CPU.ActiveCfg = Release|Any CPU
		{8697EFF8-9881-4D79-B0C0-DE92CDB7551D}.Release|Any CPU.Build.0 = Release|Any CPU
		{DDEBCDB6-31A0-4D20-A7E4-A9CFC6DBBBD3}.Debug|Any CPU.ActiveCfg = Debug|Any CPU
		{DDEBCDB6-31A0-4D20-A7E4-A9CFC6DBBBD3}.Debug|Any CPU.Build.0 = Debug|Any CPU
		{DDEBCDB6-31A0-4D20-A7E4-A9CFC6DBBBD3}.Release|Any CPU.ActiveCfg = Release|Any CPU
		{DDEBCDB6-31A0-4D20-A7E4-A9CFC6DBBBD3}.Release|Any CPU.Build.0 = Release|Any CPU
	EndGlobalSection
	GlobalSection(SolutionProperties) = preSolution
		HideSolutionNode = FALSE
	EndGlobalSection
	GlobalSection(ExtensibilityGlobals) = postSolution
		SolutionGuid = {49326E75-03E4-429A-A1C5-8D78FDAE8EB7}
	EndGlobalSection
EndGlobal
